
Microsoft Visual Studio Solution File, Format Version 12.00
# Visual Studio Version 17
VisualStudioVersion = 17.4.33205.214
MinimumVisualStudioVersion = 10.0.40219.1
Project("{9A19103F-16F7-4668-BE54-9A1E7A4F7556}") = "JeuProjetFinal", "JeuProjetFinal\JeuProjetFinal.csproj", "{C32B4729-602E-4950-8AA7-0063F182E124}"
EndProject
Project("{2150E333-8FDC-42A3-9474-1A3956D46DE8}") = "DesignPatternList", "DesignPatternList", "{045A5760-E32D-4C2E-8067-01B03960FDB1}"
EndProject
Project("{2150E333-8FDC-42A3-9474-1A3956D46DE8}") = "Structural patterns", "Structural patterns", "{E2BA72CD-281A-499F-B421-915AB29F8360}"
EndProject
Project("{2150E333-8FDC-42A3-9474-1A3956D46DE8}") = "Creator patterns", "Creator patterns", "{044CF00D-DBEA-4BAF-BF43-83EB759C3C9E}"
EndProject
Project("{9A19103F-16F7-4668-BE54-9A1E7A4F7556}") = "Decorator", "Decorator\Decorator.csproj", "{D2518674-5266-4005-A570-612100B73433}"
EndProject
Project("{9A19103F-16F7-4668-BE54-9A1E7A4F7556}") = "Proxy", "Proxy\Proxy.csproj", "{5FDE999D-11A2-45DF-8E12-02242C629CC9}"
EndProject
Project("{9A19103F-16F7-4668-BE54-9A1E7A4F7556}") = "Bridge", "Bridge\Bridge.csproj", "{8DBF47EB-59F1-41A0-9893-EDE488122F54}"
EndProject
Project("{9A19103F-16F7-4668-BE54-9A1E7A4F7556}") = "Composite", "Composite\Composite.csproj", "{67BDA9AB-CC21-414A-9788-6918E5AD7186}"
EndProject
Project("{2150E333-8FDC-42A3-9474-1A3956D46DE8}") = "Behavior patterns", "Behavior patterns", "{1AF1E3C2-32B8-4453-BE4C-EE7022EEBB81}"
EndProject
Project("{9A19103F-16F7-4668-BE54-9A1E7A4F7556}") = "State", "State\State.csproj", "{A9877175-A6A5-4449-9D99-1380666EC004}"
EndProject
Project("{9A19103F-16F7-4668-BE54-9A1E7A4F7556}") = "Command", "Command\Command.csproj", "{78C890B5-A5DD-49B5-8AB6-8D9DFDBAAF1B}"
EndProject
Project("{9A19103F-16F7-4668-BE54-9A1E7A4F7556}") = "Mediator", "Mediator\Mediator.csproj", "{2DD9F45B-2353-4891-9F18-0ED56583E6DB}"
EndProject
Project("{9A19103F-16F7-4668-BE54-9A1E7A4F7556}") = "Observer", "Observer\Observer.csproj", "{EE9BCFA3-E43A-49B3-85DC-C50D7DCFAA2A}"
EndProject
Project("{9A19103F-16F7-4668-BE54-9A1E7A4F7556}") = "ResponsabilityChain", "ResponsabilityChain\ResponsabilityChain.csproj", "{9FDA7ADC-086A-437D-A371-E555DBB0DC4D}"
EndProject
Project("{9A19103F-16F7-4668-BE54-9A1E7A4F7556}") = "Memento", "Memento\Memento.csproj", "{3AF1911F-491E-4859-A63A-C5D67C39990D}"
EndProject
Project("{9A19103F-16F7-4668-BE54-9A1E7A4F7556}") = "Singleton", "Singleton\Singleton.csproj", "{984D2046-1DF3-4CF0-A177-7E7DE6A14EC1}"
EndProject
Project("{9A19103F-16F7-4668-BE54-9A1E7A4F7556}") = "Builder", "Builder\Builder.csproj", "{DAA1DF1E-6986-42BD-967B-4CD2475171D6}"
EndProject
Project("{9A19103F-16F7-4668-BE54-9A1E7A4F7556}") = "Facade", "Facade\Facade.csproj", "{30761729-C7B9-4E4D-8AA0-38D21799C337}"
EndProject
Project("{9A19103F-16F7-4668-BE54-9A1E7A4F7556}") = "Adapter", "Adapter\Adapter.csproj", "{EF647DC3-C964-4099-8518-98CBAAC8B102}"
EndProject
Project("{9A19103F-16F7-4668-BE54-9A1E7A4F7556}") = "FactoryMethod", "FactoryMethod\FactoryMethod.csproj", "{4E1A741F-289D-42EF-BEFA-8244773D9769}"
EndProject
Project("{9A19103F-16F7-4668-BE54-9A1E7A4F7556}") = "AbstractFactory", "AbstractFactory\AbstractFactory.csproj", "{381759D6-B093-472A-B93A-17D37C23E307}"
EndProject
Global
	GlobalSection(SolutionConfigurationPlatforms) = preSolution
		Debug|Any CPU = Debug|Any CPU
		Release|Any CPU = Release|Any CPU
	EndGlobalSection
	GlobalSection(ProjectConfigurationPlatforms) = postSolution
		{C32B4729-602E-4950-8AA7-0063F182E124}.Debug|Any CPU.ActiveCfg = Debug|Any CPU
		{C32B4729-602E-4950-8AA7-0063F182E124}.Debug|Any CPU.Build.0 = Debug|Any CPU
		{C32B4729-602E-4950-8AA7-0063F182E124}.Release|Any CPU.ActiveCfg = Release|Any CPU
		{C32B4729-602E-4950-8AA7-0063F182E124}.Release|Any CPU.Build.0 = Release|Any CPU
		{D2518674-5266-4005-A570-612100B73433}.Debug|Any CPU.ActiveCfg = Debug|Any CPU
		{D2518674-5266-4005-A570-612100B73433}.Debug|Any CPU.Build.0 = Debug|Any CPU
		{D2518674-5266-4005-A570-612100B73433}.Release|Any CPU.ActiveCfg = Release|Any CPU
		{D2518674-5266-4005-A570-612100B73433}.Release|Any CPU.Build.0 = Release|Any CPU
		{5FDE999D-11A2-45DF-8E12-02242C629CC9}.Debug|Any CPU.ActiveCfg = Debug|Any CPU
		{5FDE999D-11A2-45DF-8E12-02242C629CC9}.Debug|Any CPU.Build.0 = Debug|Any CPU
		{5FDE999D-11A2-45DF-8E12-02242C629CC9}.Release|Any CPU.ActiveCfg = Release|Any CPU
		{5FDE999D-11A2-45DF-8E12-02242C629CC9}.Release|Any CPU.Build.0 = Release|Any CPU
		{8DBF47EB-59F1-41A0-9893-EDE488122F54}.Debug|Any CPU.ActiveCfg = Debug|Any CPU
		{8DBF47EB-59F1-41A0-9893-EDE488122F54}.Debug|Any CPU.Build.0 = Debug|Any CPU
		{8DBF47EB-59F1-41A0-9893-EDE488122F54}.Release|Any CPU.ActiveCfg = Release|Any CPU
		{8DBF47EB-59F1-41A0-9893-EDE488122F54}.Release|Any CPU.Build.0 = Release|Any CPU
		{67BDA9AB-CC21-414A-9788-6918E5AD7186}.Debug|Any CPU.ActiveCfg = Debug|Any CPU
		{67BDA9AB-CC21-414A-9788-6918E5AD7186}.Debug|Any CPU.Build.0 = Debug|Any CPU
		{67BDA9AB-CC21-414A-9788-6918E5AD7186}.Release|Any CPU.ActiveCfg = Release|Any CPU
		{67BDA9AB-CC21-414A-9788-6918E5AD7186}.Release|Any CPU.Build.0 = Release|Any CPU
		{A9877175-A6A5-4449-9D99-1380666EC004}.Debug|Any CPU.ActiveCfg = Debug|Any CPU
		{A9877175-A6A5-4449-9D99-1380666EC004}.Debug|Any CPU.Build.0 = Debug|Any CPU
		{A9877175-A6A5-4449-9D99-1380666EC004}.Release|Any CPU.ActiveCfg = Release|Any CPU
		{A9877175-A6A5-4449-9D99-1380666EC004}.Release|Any CPU.Build.0 = Release|Any CPU
		{78C890B5-A5DD-49B5-8AB6-8D9DFDBAAF1B}.Debug|Any CPU.ActiveCfg = Debug|Any CPU
		{78C890B5-A5DD-49B5-8AB6-8D9DFDBAAF1B}.Debug|Any CPU.Build.0 = Debug|Any CPU
		{78C890B5-A5DD-49B5-8AB6-8D9DFDBAAF1B}.Release|Any CPU.ActiveCfg = Release|Any CPU
		{78C890B5-A5DD-49B5-8AB6-8D9DFDBAAF1B}.Release|Any CPU.Build.0 = Release|Any CPU
		{2DD9F45B-2353-4891-9F18-0ED56583E6DB}.Debug|Any CPU.ActiveCfg = Debug|Any CPU
		{2DD9F45B-2353-4891-9F18-0ED56583E6DB}.Debug|Any CPU.Build.0 = Debug|Any CPU
		{2DD9F45B-2353-4891-9F18-0ED56583E6DB}.Release|Any CPU.ActiveCfg = Release|Any CPU
		{2DD9F45B-2353-4891-9F18-0ED56583E6DB}.Release|Any CPU.Build.0 = Release|Any CPU
		{EE9BCFA3-E43A-49B3-85DC-C50D7DCFAA2A}.Debug|Any CPU.ActiveCfg = Debug|Any CPU
		{EE9BCFA3-E43A-49B3-85DC-C50D7DCFAA2A}.Debug|Any CPU.Build.0 = Debug|Any CPU
		{EE9BCFA3-E43A-49B3-85DC-C50D7DCFAA2A}.Release|Any CPU.ActiveCfg = Release|Any CPU
		{EE9BCFA3-E43A-49B3-85DC-C50D7DCFAA2A}.Release|Any CPU.Build.0 = Release|Any CPU
		{9FDA7ADC-086A-437D-A371-E555DBB0DC4D}.Debug|Any CPU.ActiveCfg = Debug|Any CPU
		{9FDA7ADC-086A-437D-A371-E555DBB0DC4D}.Debug|Any CPU.Build.0 = Debug|Any CPU
		{9FDA7ADC-086A-437D-A371-E555DBB0DC4D}.Release|Any CPU.ActiveCfg = Release|Any CPU
		{9FDA7ADC-086A-437D-A371-E555DBB0DC4D}.Release|Any CPU.Build.0 = Release|Any CPU
		{3AF1911F-491E-4859-A63A-C5D67C39990D}.Debug|Any CPU.ActiveCfg = Debug|Any CPU
		{3AF1911F-491E-4859-A63A-C5D67C39990D}.Debug|Any CPU.Build.0 = Debug|Any CPU
		{3AF1911F-491E-4859-A63A-C5D67C39990D}.Release|Any CPU.ActiveCfg = Release|Any CPU
		{3AF1911F-491E-4859-A63A-C5D67C39990D}.Release|Any CPU.Build.0 = Release|Any CPU
		{984D2046-1DF3-4CF0-A177-7E7DE6A14EC1}.Debug|Any CPU.ActiveCfg = Debug|Any CPU
		{984D2046-1DF3-4CF0-A177-7E7DE6A14EC1}.Debug|Any CPU.Build.0 = Debug|Any CPU
		{984D2046-1DF3-4CF0-A177-7E7DE6A14EC1}.Release|Any CPU.ActiveCfg = Release|Any CPU
		{984D2046-1DF3-4CF0-A177-7E7DE6A14EC1}.Release|Any CPU.Build.0 = Release|Any CPU
		{DAA1DF1E-6986-42BD-967B-4CD2475171D6}.Debug|Any CPU.ActiveCfg = Debug|Any CPU
		{DAA1DF1E-6986-42BD-967B-4CD2475171D6}.Debug|Any CPU.Build.0 = Debug|Any CPU
		{DAA1DF1E-6986-42BD-967B-4CD2475171D6}.Release|Any CPU.ActiveCfg = Release|Any CPU
		{DAA1DF1E-6986-42BD-967B-4CD2475171D6}.Release|Any CPU.Build.0 = Release|Any CPU
		{30761729-C7B9-4E4D-8AA0-38D21799C337}.Debug|Any CPU.ActiveCfg = Debug|Any CPU
		{30761729-C7B9-4E4D-8AA0-38D21799C337}.Debug|Any CPU.Build.0 = Debug|Any CPU
		{30761729-C7B9-4E4D-8AA0-38D21799C337}.Release|Any CPU.ActiveCfg = Release|Any CPU
		{30761729-C7B9-4E4D-8AA0-38D21799C337}.Release|Any CPU.Build.0 = Release|Any CPU
		{EF647DC3-C964-4099-8518-98CBAAC8B102}.Debug|Any CPU.ActiveCfg = Debug|Any CPU
		{EF647DC3-C964-4099-8518-98CBAAC8B102}.Debug|Any CPU.Build.0 = Debug|Any CPU
		{EF647DC3-C964-4099-8518-98CBAAC8B102}.Release|Any CPU.ActiveCfg = Release|Any CPU
		{EF647DC3-C964-4099-8518-98CBAAC8B102}.Release|Any CPU.Build.0 = Release|Any CPU
		{4E1A741F-289D-42EF-BEFA-8244773D9769}.Debug|Any CPU.ActiveCfg = Debug|Any CPU
		{4E1A741F-289D-42EF-BEFA-8244773D9769}.Debug|Any CPU.Build.0 = Debug|Any CPU
		{4E1A741F-289D-42EF-BEFA-8244773D9769}.Release|Any CPU.ActiveCfg = Release|Any CPU
		{4E1A741F-289D-42EF-BEFA-8244773D9769}.Release|Any CPU.Build.0 = Release|Any CPU
		{381759D6-B093-472A-B93A-17D37C23E307}.Debug|Any CPU.ActiveCfg = Debug|Any CPU
		{381759D6-B093-472A-B93A-17D37C23E307}.Debug|Any CPU.Build.0 = Debug|Any CPU
		{381759D6-B093-472A-B93A-17D37C23E307}.Release|Any CPU.ActiveCfg = Release|Any CPU
		{381759D6-B093-472A-B93A-17D37C23E307}.Release|Any CPU.Build.0 = Release|Any CPU
	EndGlobalSection
	GlobalSection(SolutionProperties) = preSolution
		HideSolutionNode = FALSE
	EndGlobalSection
	GlobalSection(NestedProjects) = preSolution
		{E2BA72CD-281A-499F-B421-915AB29F8360} = {045A5760-E32D-4C2E-8067-01B03960FDB1}
		{044CF00D-DBEA-4BAF-BF43-83EB759C3C9E} = {045A5760-E32D-4C2E-8067-01B03960FDB1}
		{D2518674-5266-4005-A570-612100B73433} = {E2BA72CD-281A-499F-B421-915AB29F8360}
		{5FDE999D-11A2-45DF-8E12-02242C629CC9} = {E2BA72CD-281A-499F-B421-915AB29F8360}
		{8DBF47EB-59F1-41A0-9893-EDE488122F54} = {E2BA72CD-281A-499F-B421-915AB29F8360}
		{67BDA9AB-CC21-414A-9788-6918E5AD7186} = {E2BA72CD-281A-499F-B421-915AB29F8360}
		{1AF1E3C2-32B8-4453-BE4C-EE7022EEBB81} = {045A5760-E32D-4C2E-8067-01B03960FDB1}
		{A9877175-A6A5-4449-9D99-1380666EC004} = {1AF1E3C2-32B8-4453-BE4C-EE7022EEBB81}
		{78C890B5-A5DD-49B5-8AB6-8D9DFDBAAF1B} = {1AF1E3C2-32B8-4453-BE4C-EE7022EEBB81}
		{2DD9F45B-2353-4891-9F18-0ED56583E6DB} = {1AF1E3C2-32B8-4453-BE4C-EE7022EEBB81}
		{EE9BCFA3-E43A-49B3-85DC-C50D7DCFAA2A} = {1AF1E3C2-32B8-4453-BE4C-EE7022EEBB81}
		{9FDA7ADC-086A-437D-A371-E555DBB0DC4D} = {1AF1E3C2-32B8-4453-BE4C-EE7022EEBB81}
		{3AF1911F-491E-4859-A63A-C5D67C39990D} = {1AF1E3C2-32B8-4453-BE4C-EE7022EEBB81}
		{984D2046-1DF3-4CF0-A177-7E7DE6A14EC1} = {044CF00D-DBEA-4BAF-BF43-83EB759C3C9E}
		{DAA1DF1E-6986-42BD-967B-4CD2475171D6} = {044CF00D-DBEA-4BAF-BF43-83EB759C3C9E}
		{30761729-C7B9-4E4D-8AA0-38D21799C337} = {E2BA72CD-281A-499F-B421-915AB29F8360}
		{EF647DC3-C964-4099-8518-98CBAAC8B102} = {E2BA72CD-281A-499F-B421-915AB29F8360}
		{4E1A741F-289D-42EF-BEFA-8244773D9769} = {044CF00D-DBEA-4BAF-BF43-83EB759C3C9E}
		{381759D6-B093-472A-B93A-17D37C23E307} = {044CF00D-DBEA-4BAF-BF43-83EB759C3C9E}
	EndGlobalSection
	GlobalSection(ExtensibilityGlobals) = postSolution
		SolutionGuid = {11050C5D-FDDC-4B25-A1D5-E6916FF09A90}
	EndGlobalSection
EndGlobal
